// !$*UTF8*$!
{
	archiveVersion = 1;
	classes = {
	};
	objectVersion = 46;
	objects = {

/* Begin PBXBuildFile section */
		4EDC162F975BAD6C1BD6DF7A /* Pods_Bars.framework in Frameworks */ = {isa = PBXBuildFile; fileRef = 45CDAE765F4A5209CDABDE6C /* Pods_Bars.framework */; };
		C42FBCA31D4026EF001CDDB9 /* Beat1.mp3 in Resources */ = {isa = PBXBuildFile; fileRef = C42FBCA21D4026EF001CDDB9 /* Beat1.mp3 */; };
		C48865E21D37FA8100D2722C /* AppDelegate.swift in Sources */ = {isa = PBXBuildFile; fileRef = C48865E11D37FA8100D2722C /* AppDelegate.swift */; };
		C48865E41D37FA8100D2722C /* ViewController.swift in Sources */ = {isa = PBXBuildFile; fileRef = C48865E31D37FA8100D2722C /* ViewController.swift */; };
		C48865E71D37FA8100D2722C /* Main.storyboard in Resources */ = {isa = PBXBuildFile; fileRef = C48865E51D37FA8100D2722C /* Main.storyboard */; };
		C48865EA1D37FA8100D2722C /* Bars.xcdatamodeld in Sources */ = {isa = PBXBuildFile; fileRef = C48865E81D37FA8100D2722C /* Bars.xcdatamodeld */; };
		C48865EC1D37FA8100D2722C /* Assets.xcassets in Resources */ = {isa = PBXBuildFile; fileRef = C48865EB1D37FA8100D2722C /* Assets.xcassets */; };
		C48865EF1D37FA8100D2722C /* LaunchScreen.storyboard in Resources */ = {isa = PBXBuildFile; fileRef = C48865ED1D37FA8100D2722C /* LaunchScreen.storyboard */; };
		C4D04D381D41821D00AE2714 /* SKSConfiguration.swift in Sources */ = {isa = PBXBuildFile; fileRef = C4D04D371D41821D00AE2714 /* SKSConfiguration.swift */; };
		C4D04D441D41892700AE2714 /* BackgroundMusic.swift in Sources */ = {isa = PBXBuildFile; fileRef = C4D04D431D41892700AE2714 /* BackgroundMusic.swift */; };
		C4D04D481D418CDC00AE2714 /* barstransparentj.png in Resources */ = {isa = PBXBuildFile; fileRef = C4D04D471D418CDC00AE2714 /* barstransparentj.png */; };
		C4DBB1451D3FF139007C8524 /* AVFoundation.framework in Frameworks */ = {isa = PBXBuildFile; fileRef = C4DBB1441D3FF139007C8524 /* AVFoundation.framework */; };
/* End PBXBuildFile section */

/* Begin PBXFileReference section */
		45CDAE765F4A5209CDABDE6C /* Pods_Bars.framework */ = {isa = PBXFileReference; explicitFileType = wrapper.framework; includeInIndex = 0; path = Pods_Bars.framework; sourceTree = BUILT_PRODUCTS_DIR; };
		4781F4E1E8572CE4F8066548 /* Pods-Bars.release.xcconfig */ = {isa = PBXFileReference; includeInIndex = 1; lastKnownFileType = text.xcconfig; name = "Pods-Bars.release.xcconfig"; path = "Pods/Target Support Files/Pods-Bars/Pods-Bars.release.xcconfig"; sourceTree = "<group>"; };
		C42FBCA21D4026EF001CDDB9 /* Beat1.mp3 */ = {isa = PBXFileReference; lastKnownFileType = audio.mp3; path = Beat1.mp3; sourceTree = "<group>"; };
		C48865DE1D37FA8100D2722C /* Bars.app */ = {isa = PBXFileReference; explicitFileType = wrapper.application; includeInIndex = 0; path = Bars.app; sourceTree = BUILT_PRODUCTS_DIR; };
		C48865E11D37FA8100D2722C /* AppDelegate.swift */ = {isa = PBXFileReference; lastKnownFileType = sourcecode.swift; path = AppDelegate.swift; sourceTree = "<group>"; };
		C48865E31D37FA8100D2722C /* ViewController.swift */ = {isa = PBXFileReference; lastKnownFileType = sourcecode.swift; path = ViewController.swift; sourceTree = "<group>"; };
		C48865E61D37FA8100D2722C /* Base */ = {isa = PBXFileReference; lastKnownFileType = file.storyboard; name = Base; path = Base.lproj/Main.storyboard; sourceTree = "<group>"; };
		C48865E91D37FA8100D2722C /* Bars.xcdatamodel */ = {isa = PBXFileReference; lastKnownFileType = wrapper.xcdatamodel; path = Bars.xcdatamodel; sourceTree = "<group>"; };
		C48865EB1D37FA8100D2722C /* Assets.xcassets */ = {isa = PBXFileReference; lastKnownFileType = folder.assetcatalog; path = Assets.xcassets; sourceTree = "<group>"; };
		C48865EE1D37FA8100D2722C /* Base */ = {isa = PBXFileReference; lastKnownFileType = file.storyboard; name = Base; path = Base.lproj/LaunchScreen.storyboard; sourceTree = "<group>"; };
		C48865F01D37FA8100D2722C /* Info.plist */ = {isa = PBXFileReference; lastKnownFileType = text.plist.xml; path = Info.plist; sourceTree = "<group>"; };
		C4D04D371D41821D00AE2714 /* SKSConfiguration.swift */ = {isa = PBXFileReference; fileEncoding = 4; lastKnownFileType = sourcecode.swift; path = SKSConfiguration.swift; sourceTree = "<group>"; };
		C4D04D431D41892700AE2714 /* BackgroundMusic.swift */ = {isa = PBXFileReference; fileEncoding = 4; lastKnownFileType = sourcecode.swift; path = BackgroundMusic.swift; sourceTree = "<group>"; };
		C4D04D471D418CDC00AE2714 /* barstransparentj.png */ = {isa = PBXFileReference; lastKnownFileType = image.png; path = barstransparentj.png; sourceTree = "<group>"; };
		C4DBB1441D3FF139007C8524 /* AVFoundation.framework */ = {isa = PBXFileReference; lastKnownFileType = wrapper.framework; name = AVFoundation.framework; path = System/Library/Frameworks/AVFoundation.framework; sourceTree = SDKROOT; };
		CCCA5A976330AA7544D45C0A /* Pods-Bars.debug.xcconfig */ = {isa = PBXFileReference; includeInIndex = 1; lastKnownFileType = text.xcconfig; name = "Pods-Bars.debug.xcconfig"; path = "Pods/Target Support Files/Pods-Bars/Pods-Bars.debug.xcconfig"; sourceTree = "<group>"; };
/* End PBXFileReference section */

/* Begin PBXFrameworksBuildPhase section */
		C48865DB1D37FA8100D2722C /* Frameworks */ = {
			isa = PBXFrameworksBuildPhase;
			buildActionMask = 2147483647;
			files = (
				C4DBB1451D3FF139007C8524 /* AVFoundation.framework in Frameworks */,
				4EDC162F975BAD6C1BD6DF7A /* Pods_Bars.framework in Frameworks */,
			);
			runOnlyForDeploymentPostprocessing = 0;
		};
/* End PBXFrameworksBuildPhase section */

/* Begin PBXGroup section */
		4541DEF308C37E47AC5A3D86 /* Pods */ = {
			isa = PBXGroup;
			children = (
				CCCA5A976330AA7544D45C0A /* Pods-Bars.debug.xcconfig */,
				4781F4E1E8572CE4F8066548 /* Pods-Bars.release.xcconfig */,
			);
			name = Pods;
			sourceTree = "<group>";
		};
		8429FDE24AF29332915595C1 /* Frameworks */ = {
			isa = PBXGroup;
			children = (
				45CDAE765F4A5209CDABDE6C /* Pods_Bars.framework */,
			);
			name = Frameworks;
			sourceTree = "<group>";
		};
		C48865D51D37FA8100D2722C = {
			isa = PBXGroup;
			children = (
				C4DBB1441D3FF139007C8524 /* AVFoundation.framework */,
				C48865E01D37FA8100D2722C /* Bars */,
				C48865DF1D37FA8100D2722C /* Products */,
				4541DEF308C37E47AC5A3D86 /* Pods */,
				8429FDE24AF29332915595C1 /* Frameworks */,
			);
			sourceTree = "<group>";
		};
		C48865DF1D37FA8100D2722C /* Products */ = {
			isa = PBXGroup;
			children = (
				C48865DE1D37FA8100D2722C /* Bars.app */,
			);
			name = Products;
			sourceTree = "<group>";
		};
		C48865E01D37FA8100D2722C /* Bars */ = {
			isa = PBXGroup;
			children = (
				C4D04D371D41821D00AE2714 /* SKSConfiguration.swift */,
				C48865E11D37FA8100D2722C /* AppDelegate.swift */,
				C48865E31D37FA8100D2722C /* ViewController.swift */,
				C42FBCA21D4026EF001CDDB9 /* Beat1.mp3 */,
				C4D04D471D418CDC00AE2714 /* barstransparentj.png */,
				C48865E51D37FA8100D2722C /* Main.storyboard */,
				C48865EB1D37FA8100D2722C /* Assets.xcassets */,
				C48865ED1D37FA8100D2722C /* LaunchScreen.storyboard */,
				C48865F01D37FA8100D2722C /* Info.plist */,
				C48865E81D37FA8100D2722C /* Bars.xcdatamodeld */,
				C4D04D431D41892700AE2714 /* BackgroundMusic.swift */,
			);
			path = Bars;
			sourceTree = "<group>";
		};
/* End PBXGroup section */

/* Begin PBXNativeTarget section */
		C48865DD1D37FA8100D2722C /* Bars */ = {
			isa = PBXNativeTarget;
			buildConfigurationList = C48865F31D37FA8100D2722C /* Build configuration list for PBXNativeTarget "Bars" */;
			buildPhases = (
				6C0F97BF9511833D61A6F273 /* [CP] Check Pods Manifest.lock */,
				C48865DA1D37FA8100D2722C /* Sources */,
				C48865DB1D37FA8100D2722C /* Frameworks */,
				C48865DC1D37FA8100D2722C /* Resources */,
				53D44574E2FAE036AC142766 /* [CP] Embed Pods Frameworks */,
				E0E82A745D95D7D5A6274207 /* [CP] Copy Pods Resources */,
			);
			buildRules = (
			);
			dependencies = (
			);
			name = Bars;
			productName = Bars;
			productReference = C48865DE1D37FA8100D2722C /* Bars.app */;
			productType = "com.apple.product-type.application";
		};
/* End PBXNativeTarget section */

/* Begin PBXProject section */
		C48865D61D37FA8100D2722C /* Project object */ = {
			isa = PBXProject;
			attributes = {
				LastSwiftUpdateCheck = 0730;
				LastUpgradeCheck = 0730;
				ORGANIZATIONNAME = "Swayam Barik";
				TargetAttributes = {
					C48865DD1D37FA8100D2722C = {
						CreatedOnToolsVersion = 7.3.1;
						DevelopmentTeam = 6T2RRMSN73;
					};
				};
			};
			buildConfigurationList = C48865D91D37FA8100D2722C /* Build configuration list for PBXProject "Bars" */;
			compatibilityVersion = "Xcode 3.2";
			developmentRegion = English;
			hasScannedForEncodings = 0;
			knownRegions = (
				en,
				Base,
			);
			mainGroup = C48865D51D37FA8100D2722C;
			productRefGroup = C48865DF1D37FA8100D2722C /* Products */;
			projectDirPath = "";
			projectRoot = "";
			targets = (
				C48865DD1D37FA8100D2722C /* Bars */,
			);
		};
/* End PBXProject section */

/* Begin PBXResourcesBuildPhase section */
		C48865DC1D37FA8100D2722C /* Resources */ = {
			isa = PBXResourcesBuildPhase;
			buildActionMask = 2147483647;
			files = (
				C48865EF1D37FA8100D2722C /* LaunchScreen.storyboard in Resources */,
				C48865EC1D37FA8100D2722C /* Assets.xcassets in Resources */,
				C48865E71D37FA8100D2722C /* Main.storyboard in Resources */,
				C42FBCA31D4026EF001CDDB9 /* Beat1.mp3 in Resources */,
				C4D04D481D418CDC00AE2714 /* barstransparentj.png in Resources */,
			);
			runOnlyForDeploymentPostprocessing = 0;
		};
/* End PBXResourcesBuildPhase section */

/* Begin PBXShellScriptBuildPhase section */
		53D44574E2FAE036AC142766 /* [CP] Embed Pods Frameworks */ = {
			isa = PBXShellScriptBuildPhase;
			buildActionMask = 2147483647;
			files = (
			);
			inputPaths = (
			);
			name = "[CP] Embed Pods Frameworks";
			outputPaths = (
			);
			runOnlyForDeploymentPostprocessing = 0;
			shellPath = /bin/sh;
			shellScript = "\"${SRCROOT}/Pods/Target Support Files/Pods-Bars/Pods-Bars-frameworks.sh\"\n";
			showEnvVarsInLog = 0;
		};
		6C0F97BF9511833D61A6F273 /* [CP] Check Pods Manifest.lock */ = {
			isa = PBXShellScriptBuildPhase;
			buildActionMask = 2147483647;
			files = (
			);
			inputPaths = (
			);
			name = "[CP] Check Pods Manifest.lock";
			outputPaths = (
			);
			runOnlyForDeploymentPostprocessing = 0;
			shellPath = /bin/sh;
			shellScript = "diff \"${PODS_ROOT}/../Podfile.lock\" \"${PODS_ROOT}/Manifest.lock\" > /dev/null\nif [[ $? != 0 ]] ; then\n    cat << EOM\nerror: The sandbox is not in sync with the Podfile.lock. Run 'pod install' or update your CocoaPods installation.\nEOM\n    exit 1\nfi\n";
			showEnvVarsInLog = 0;
		};
		E0E82A745D95D7D5A6274207 /* [CP] Copy Pods Resources */ = {
			isa = PBXShellScriptBuildPhase;
			buildActionMask = 2147483647;
			files = (
			);
			inputPaths = (
			);
			name = "[CP] Copy Pods Resources";
			outputPaths = (
			);
			runOnlyForDeploymentPostprocessing = 0;
			shellPath = /bin/sh;
			shellScript = "\"${SRCROOT}/Pods/Target Support Files/Pods-Bars/Pods-Bars-resources.sh\"\n";
			showEnvVarsInLog = 0;
		};
/* End PBXShellScriptBuildPhase section */

/* Begin PBXSourcesBuildPhase section */
		C48865DA1D37FA8100D2722C /* Sources */ = {
			isa = PBXSourcesBuildPhase;
			buildActionMask = 2147483647;
			files = (
				C48865E41D37FA8100D2722C /* ViewController.swift in Sources */,
				C48865EA1D37FA8100D2722C /* Bars.xcdatamodeld in Sources */,
				C4D04D381D41821D00AE2714 /* SKSConfiguration.swift in Sources */,
				C48865E21D37FA8100D2722C /* AppDelegate.swift in Sources */,
				C4D04D441D41892700AE2714 /* BackgroundMusic.swift in Sources */,
			);
			runOnlyForDeploymentPostprocessing = 0;
		};
/* End PBXSourcesBuildPhase section */

/* Begin PBXVariantGroup section */
		C48865E51D37FA8100D2722C /* Main.storyboard */ = {
			isa = PBXVariantGroup;
			children = (
				C48865E61D37FA8100D2722C /* Base */,
			);
			name = Main.storyboard;
			sourceTree = "<group>";
		};
		C48865ED1D37FA8100D2722C /* LaunchScreen.storyboard */ = {
			isa = PBXVariantGroup;
			children = (
				C48865EE1D37FA8100D2722C /* Base */,
			);
			name = LaunchScreen.storyboard;
			sourceTree = "<group>";
		};
/* End PBXVariantGroup section */

/* Begin XCBuildConfiguration section */
		C48865F11D37FA8100D2722C /* Debug */ = {
			isa = XCBuildConfiguration;
			buildSettings = {
				ALWAYS_SEARCH_USER_PATHS = NO;
				CLANG_ANALYZER_NONNULL = YES;
				CLANG_CXX_LANGUAGE_STANDARD = "gnu++0x";
				CLANG_CXX_LIBRARY = "libc++";
				CLANG_ENABLE_MODULES = YES;
				CLANG_ENABLE_OBJC_ARC = YES;
				CLANG_WARN_BOOL_CONVERSION = YES;
				CLANG_WARN_CONSTANT_CONVERSION = YES;
				CLANG_WARN_DIRECT_OBJC_ISA_USAGE = YES_ERROR;
				CLANG_WARN_EMPTY_BODY = YES;
				CLANG_WARN_ENUM_CONVERSION = YES;
				CLANG_WARN_INT_CONVERSION = YES;
				CLANG_WARN_OBJC_ROOT_CLASS = YES_ERROR;
				CLANG_WARN_UNREACHABLE_CODE = YES;
				CLANG_WARN__DUPLICATE_METHOD_MATCH = YES;
				"CODE_SIGN_IDENTITY[sdk=iphoneos*]" = "iPhone Developer";
				COPY_PHASE_STRIP = NO;
				DEBUG_INFORMATION_FORMAT = dwarf;
				ENABLE_STRICT_OBJC_MSGSEND = YES;
				ENABLE_TESTABILITY = YES;
				GCC_C_LANGUAGE_STANDARD = gnu99;
				GCC_DYNAMIC_NO_PIC = NO;
				GCC_NO_COMMON_BLOCKS = YES;
				GCC_OPTIMIZATION_LEVEL = 0;
				GCC_PREPROCESSOR_DEFINITIONS = (
					"DEBUG=1",
					"$(inherited)",
				);
				GCC_WARN_64_TO_32_BIT_CONVERSION = YES;
				GCC_WARN_ABOUT_RETURN_TYPE = YES_ERROR;
				GCC_WARN_UNDECLARED_SELECTOR = YES;
				GCC_WARN_UNINITIALIZED_AUTOS = YES_AGGRESSIVE;
				GCC_WARN_UNUSED_FUNCTION = YES;
				GCC_WARN_UNUSED_VARIABLE = YES;
				IPHONEOS_DEPLOYMENT_TARGET = 9.3;
				MTL_ENABLE_DEBUG_INFO = YES;
				ONLY_ACTIVE_ARCH = YES;
				SDKROOT = iphoneos;
				SWIFT_OPTIMIZATION_LEVEL = "-Onone";
			};
			name = Debug;
		};
		C48865F21D37FA8100D2722C /* Release */ = {
			isa = XCBuildConfiguration;
			buildSettings = {
				ALWAYS_SEARCH_USER_PATHS = NO;
				CLANG_ANALYZER_NONNULL = YES;
				CLANG_CXX_LANGUAGE_STANDARD = "gnu++0x";
				CLANG_CXX_LIBRARY = "libc++";
				CLANG_ENABLE_MODULES = YES;
				CLANG_ENABLE_OBJC_ARC = YES;
				CLANG_WARN_BOOL_CONVERSION = YES;
				CLANG_WARN_CONSTANT_CONVERSION = YES;
				CLANG_WARN_DIRECT_OBJC_ISA_USAGE = YES_ERROR;
				CLANG_WARN_EMPTY_BODY = YES;
				CLANG_WARN_ENUM_CONVERSION = YES;
				CLANG_WARN_INT_CONVERSION = YES;
				CLANG_WARN_OBJC_ROOT_CLASS = YES_ERROR;
				CLANG_WARN_UNREACHABLE_CODE = YES;
				CLANG_WARN__DUPLICATE_METHOD_MATCH = YES;
				"CODE_SIGN_IDENTITY[sdk=iphoneos*]" = "iPhone Developer";
				COPY_PHASE_STRIP = NO;
				DEBUG_INFORMATION_FORMAT = "dwarf-with-dsym";
				ENABLE_NS_ASSERTIONS = NO;
				ENABLE_STRICT_OBJC_MSGSEND = YES;
				GCC_C_LANGUAGE_STANDARD = gnu99;
				GCC_NO_COMMON_BLOCKS = YES;
				GCC_WARN_64_TO_32_BIT_CONVERSION = YES;
				GCC_WARN_ABOUT_RETURN_TYPE = YES_ERROR;
				GCC_WARN_UNDECLARED_SELECTOR = YES;
				GCC_WARN_UNINITIALIZED_AUTOS = YES_AGGRESSIVE;
				GCC_WARN_UNUSED_FUNCTION = YES;
				GCC_WARN_UNUSED_VARIABLE = YES;
				IPHONEOS_DEPLOYMENT_TARGET = 9.3;
				MTL_ENABLE_DEBUG_INFO = NO;
				SDKROOT = iphoneos;
				VALIDATE_PRODUCT = YES;
			};
			name = Release;
		};
		C48865F41D37FA8100D2722C /* Debug */ = {
			isa = XCBuildConfiguration;
			baseConfigurationReference = CCCA5A976330AA7544D45C0A /* Pods-Bars.debug.xcconfig */;
			buildSettings = {
				ASSETCATALOG_COMPILER_APPICON_NAME = AppIcon;
				CODE_SIGN_IDENTITY = "iPhone Developer";
				INFOPLIST_FILE = Bars/Info.plist;
				LD_RUNPATH_SEARCH_PATHS = "$(inherited) @executable_path/Frameworks";
				PRODUCT_BUNDLE_IDENTIFIER = com.swayambarik.Bars;
				PRODUCT_NAME = "$(TARGET_NAME)";
			};
			name = Debug;
		};
		C48865F51D37FA8100D2722C /* Release */ = {
			isa = XCBuildConfiguration;
			baseConfigurationReference = 4781F4E1E8572CE4F8066548 /* Pods-Bars.release.xcconfig */;
			buildSettings = {
				ASSETCATALOG_COMPILER_APPICON_NAME = AppIcon;
				CODE_SIGN_IDENTITY = "iPhone Developer";
				INFOPLIST_FILE = Bars/Info.plist;
				LD_RUNPATH_SEARCH_PATHS = "$(inherited) @executable_path/Frameworks";
				PRODUCT_BUNDLE_IDENTIFIER = com.swayambarik.Bars;
				PRODUCT_NAME = "$(TARGET_NAME)";
			};
			name = Release;
		};
/* End XCBuildConfiguration section */

/* Begin XCConfigurationList section */
		C48865D91D37FA8100D2722C /* Build configuration list for PBXProject "Bars" */ = {
			isa = XCConfigurationList;
			buildConfigurations = (
				C48865F11D37FA8100D2722C /* Debug */,
				C48865F21D37FA8100D2722C /* Release */,
			);
			defaultConfigurationIsVisible = 0;
			defaultConfigurationName = Release;
		};
		C48865F31D37FA8100D2722C /* Build configuration list for PBXNativeTarget "Bars" */ = {
			isa = XCConfigurationList;
			buildConfigurations = (
				C48865F41D37FA8100D2722C /* Debug */,
				C48865F51D37FA8100D2722C /* Release */,
			);
			defaultConfigurationIsVisible = 0;
			defaultConfigurationName = Release;
		};
/* End XCConfigurationList section */

/* Begin XCVersionGroup section */
		C48865E81D37FA8100D2722C /* Bars.xcdatamodeld */ = {
			isa = XCVersionGroup;
			children = (
				C48865E91D37FA8100D2722C /* Bars.xcdatamodel */,
			);
			currentVersion = C48865E91D37FA8100D2722C /* Bars.xcdatamodel */;
			path = Bars.xcdatamodeld;
			sourceTree = "<group>";
			versionGroupType = wrapper.xcdatamodel;
		};
/* End XCVersionGroup section */
	};
	rootObject = C48865D61D37FA8100D2722C /* Project object */;
}
